
Microsoft Visual Studio Solution File, Format Version 12.00
# Visual Studio Version 16
VisualStudioVersion = 16.0.31205.134
MinimumVisualStudioVersion = 10.0.40219.1
Project("{9A19103F-16F7-4668-BE54-9A1E7A4F7556}") = "TemplateMethod", "TemplateMethod\TemplateMethod.csproj", "{FFFEAA1C-3F55-4315-BE0F-8ABCAFF0E319}"
EndProject
Project("{9A19103F-16F7-4668-BE54-9A1E7A4F7556}") = "TemplateMethod.UnitTests", "TemplateMethod.UnitTests\TemplateMethod.UnitTests.csproj", "{51341195-D62C-48F2-B1CF-8A219581294A}"
EndProject
Project("{9A19103F-16F7-4668-BE54-9A1E7A4F7556}") = "Adapter", "Adapter\Adapter.csproj", "{BC7DE1DA-0FA1-42C9-B65A-4018FE211341}"
EndProject
Project("{FAE04EC0-301F-11D3-BF4B-00C04F79EFBC}") = "Adapter.UnitTests", "Adapter.UnitTests\Adapter.UnitTests.csproj", "{79FEF87C-11F8-4449-B8D6-65C2DEEC151A}"
EndProject
Project("{9A19103F-16F7-4668-BE54-9A1E7A4F7556}") = "Strategy", "Strategy\Strategy.csproj", "{BA012566-B517-4C2F-95A7-711EE5F877FA}"
EndProject
Project("{9A19103F-16F7-4668-BE54-9A1E7A4F7556}") = "Strategy.UnitTests", "Strategy.UnitTests\Strategy.UnitTests.csproj", "{BB4C3A77-B306-46B8-B245-1A20B65562FB}"
EndProject
Global
	GlobalSection(SolutionConfigurationPlatforms) = preSolution
		Debug|Any CPU = Debug|Any CPU
		Release|Any CPU = Release|Any CPU
	EndGlobalSection
	GlobalSection(ProjectConfigurationPlatforms) = postSolution
		{FFFEAA1C-3F55-4315-BE0F-8ABCAFF0E319}.Debug|Any CPU.ActiveCfg = Debug|Any CPU
		{FFFEAA1C-3F55-4315-BE0F-8ABCAFF0E319}.Debug|Any CPU.Build.0 = Debug|Any CPU
		{FFFEAA1C-3F55-4315-BE0F-8ABCAFF0E319}.Release|Any CPU.ActiveCfg = Release|Any CPU
		{FFFEAA1C-3F55-4315-BE0F-8ABCAFF0E319}.Release|Any CPU.Build.0 = Release|Any CPU
		{51341195-D62C-48F2-B1CF-8A219581294A}.Debug|Any CPU.ActiveCfg = Debug|Any CPU
		{51341195-D62C-48F2-B1CF-8A219581294A}.Debug|Any CPU.Build.0 = Debug|Any CPU
		{51341195-D62C-48F2-B1CF-8A219581294A}.Release|Any CPU.ActiveCfg = Release|Any CPU
		{51341195-D62C-48F2-B1CF-8A219581294A}.Release|Any CPU.Build.0 = Release|Any CPU
		{BC7DE1DA-0FA1-42C9-B65A-4018FE211341}.Debug|Any CPU.ActiveCfg = Debug|Any CPU
		{BC7DE1DA-0FA1-42C9-B65A-4018FE211341}.Debug|Any CPU.Build.0 = Debug|Any CPU
		{BC7DE1DA-0FA1-42C9-B65A-4018FE211341}.Release|Any CPU.ActiveCfg = Release|Any CPU
		{BC7DE1DA-0FA1-42C9-B65A-4018FE211341}.Release|Any CPU.Build.0 = Release|Any CPU
		{79FEF87C-11F8-4449-B8D6-65C2DEEC151A}.Debug|Any CPU.ActiveCfg = Debug|Any CPU
		{79FEF87C-11F8-4449-B8D6-65C2DEEC151A}.Debug|Any CPU.Build.0 = Debug|Any CPU
		{79FEF87C-11F8-4449-B8D6-65C2DEEC151A}.Release|Any CPU.ActiveCfg = Release|Any CPU
		{79FEF87C-11F8-4449-B8D6-65C2DEEC151A}.Release|Any CPU.Build.0 = Release|Any CPU
		{BA012566-B517-4C2F-95A7-711EE5F877FA}.Debug|Any CPU.ActiveCfg = Debug|Any CPU
		{BA012566-B517-4C2F-95A7-711EE5F877FA}.Debug|Any CPU.Build.0 = Debug|Any CPU
		{BA012566-B517-4C2F-95A7-711EE5F877FA}.Release|Any CPU.ActiveCfg = Release|Any CPU
		{BA012566-B517-4C2F-95A7-711EE5F877FA}.Release|Any CPU.Build.0 = Release|Any CPU
		{BB4C3A77-B306-46B8-B245-1A20B65562FB}.Debug|Any CPU.ActiveCfg = Debug|Any CPU
		{BB4C3A77-B306-46B8-B245-1A20B65562FB}.Debug|Any CPU.Build.0 = Debug|Any CPU
		{BB4C3A77-B306-46B8-B245-1A20B65562FB}.Release|Any CPU.ActiveCfg = Release|Any CPU
		{BB4C3A77-B306-46B8-B245-1A20B65562FB}.Release|Any CPU.Build.0 = Release|Any CPU
	EndGlobalSection
	GlobalSection(SolutionProperties) = preSolution
		HideSolutionNode = FALSE
	EndGlobalSection
	GlobalSection(ExtensibilityGlobals) = postSolution
		SolutionGuid = {0E12C821-AF62-4D21-A434-AD47B1448292}
	EndGlobalSection
EndGlobal
